// !$*UTF8*$!
{
	archiveVersion = 1;
	classes = {
	};
	objectVersion = 50;
	objects = {

/* Begin PBXBuildFile section */
		79EA257921CC891F001FE1CB /* AppDelegate.swift in Sources */ = {isa = PBXBuildFile; fileRef = 79EA257821CC891F001FE1CB /* AppDelegate.swift */; };
		79EA257B21CC891F001FE1CB /* ViewController.swift in Sources */ = {isa = PBXBuildFile; fileRef = 79EA257A21CC891F001FE1CB /* ViewController.swift */; };
		79EA257E21CC891F001FE1CB /* Main.storyboard in Resources */ = {isa = PBXBuildFile; fileRef = 79EA257C21CC891F001FE1CB /* Main.storyboard */; };
		79EA258021CC8922001FE1CB /* Assets.xcassets in Resources */ = {isa = PBXBuildFile; fileRef = 79EA257F21CC8922001FE1CB /* Assets.xcassets */; };
		79EA258321CC8922001FE1CB /* LaunchScreen.storyboard in Resources */ = {isa = PBXBuildFile; fileRef = 79EA258121CC8922001FE1CB /* LaunchScreen.storyboard */; };
		79EA258E21CC8922001FE1CB /* EWArcSoft_SwiftTests.swift in Sources */ = {isa = PBXBuildFile; fileRef = 79EA258D21CC8922001FE1CB /* EWArcSoft_SwiftTests.swift */; };
		79EA259921CC8922001FE1CB /* EWArcSoft_SwiftUITests.swift in Sources */ = {isa = PBXBuildFile; fileRef = 79EA259821CC8922001FE1CB /* EWArcSoft_SwiftUITests.swift */; };
		79EA25BD21CC8A31001FE1CB /* libstdc++.6.0.9.tbd in Frameworks */ = {isa = PBXBuildFile; fileRef = 79EA25BC21CC8A31001FE1CB /* libstdc++.6.0.9.tbd */; };
		79EA25BF21CC8A40001FE1CB /* CoreMotion.framework in Frameworks */ = {isa = PBXBuildFile; fileRef = 79EA25BE21CC8A40001FE1CB /* CoreMotion.framework */; };
		79EA25D221CC8CB4001FE1CB /* Utility.m in Sources */ = {isa = PBXBuildFile; fileRef = 79EA25C521CC8CAE001FE1CB /* Utility.m */; };
		79EA25D321CC8CB4001FE1CB /* FSDKFR.xcdatamodeld in Sources */ = {isa = PBXBuildFile; fileRef = 79EA25C721CC8CAE001FE1CB /* FSDKFR.xcdatamodeld */; };
		79EA25D421CC8CB4001FE1CB /* ArcSoftFaceEngine.framework in Frameworks */ = {isa = PBXBuildFile; fileRef = 79EA25C921CC8CB2001FE1CB /* ArcSoftFaceEngine.framework */; };
		79EA25D521CC8CB4001FE1CB /* ASFVideoProcessor.mm in Sources */ = {isa = PBXBuildFile; fileRef = 79EA25CC21CC8CB3001FE1CB /* ASFVideoProcessor.mm */; };
		79EA25D621CC8CB4001FE1CB /* ASFRManager.m in Sources */ = {isa = PBXBuildFile; fileRef = 79EA25CF21CC8CB3001FE1CB /* ASFRManager.m */; };
		79EA25D721CC8CB4001FE1CB /* ASFRPerson.m in Sources */ = {isa = PBXBuildFile; fileRef = 79EA25D021CC8CB3001FE1CB /* ASFRPerson.m */; };
		79EA25D821CC8CB4001FE1CB /* ASFRCDManager.m in Sources */ = {isa = PBXBuildFile; fileRef = 79EA25D121CC8CB4001FE1CB /* ASFRCDManager.m */; };
		79EA25DD21CC95FC001FE1CB /* EWCameraController.swift in Sources */ = {isa = PBXBuildFile; fileRef = 79EA25DC21CC95FC001FE1CB /* EWCameraController.swift */; };
/* End PBXBuildFile section */

/* Begin PBXContainerItemProxy section */
		79EA258A21CC8922001FE1CB /* PBXContainerItemProxy */ = {
			isa = PBXContainerItemProxy;
			containerPortal = 79EA256D21CC891F001FE1CB /* Project object */;
			proxyType = 1;
			remoteGlobalIDString = 79EA257421CC891F001FE1CB;
			remoteInfo = "EWArcSoft-Swift";
		};
		79EA259521CC8922001FE1CB /* PBXContainerItemProxy */ = {
			isa = PBXContainerItemProxy;
			containerPortal = 79EA256D21CC891F001FE1CB /* Project object */;
			proxyType = 1;
			remoteGlobalIDString = 79EA257421CC891F001FE1CB;
			remoteInfo = "EWArcSoft-Swift";
		};
/* End PBXContainerItemProxy section */

/* Begin PBXFileReference section */
		79EA257521CC891F001FE1CB /* EWArcSoft-Swift.app */ = {isa = PBXFileReference; explicitFileType = wrapper.application; includeInIndex = 0; path = "EWArcSoft-Swift.app"; sourceTree = BUILT_PRODUCTS_DIR; };
		79EA257821CC891F001FE1CB /* AppDelegate.swift */ = {isa = PBXFileReference; lastKnownFileType = sourcecode.swift; path = AppDelegate.swift; sourceTree = "<group>"; };
		79EA257A21CC891F001FE1CB /* ViewController.swift */ = {isa = PBXFileReference; lastKnownFileType = sourcecode.swift; path = ViewController.swift; sourceTree = "<group>"; };
		79EA257D21CC891F001FE1CB /* Base */ = {isa = PBXFileReference; lastKnownFileType = file.storyboard; name = Base; path = Base.lproj/Main.storyboard; sourceTree = "<group>"; };
		79EA257F21CC8922001FE1CB /* Assets.xcassets */ = {isa = PBXFileReference; lastKnownFileType = folder.assetcatalog; path = Assets.xcassets; sourceTree = "<group>"; };
		79EA258221CC8922001FE1CB /* Base */ = {isa = PBXFileReference; lastKnownFileType = file.storyboard; name = Base; path = Base.lproj/LaunchScreen.storyboard; sourceTree = "<group>"; };
		79EA258421CC8922001FE1CB /* Info.plist */ = {isa = PBXFileReference; lastKnownFileType = text.plist.xml; path = Info.plist; sourceTree = "<group>"; };
		79EA258921CC8922001FE1CB /* EWArcSoft-SwiftTests.xctest */ = {isa = PBXFileReference; explicitFileType = wrapper.cfbundle; includeInIndex = 0; path = "EWArcSoft-SwiftTests.xctest"; sourceTree = BUILT_PRODUCTS_DIR; };
		79EA258D21CC8922001FE1CB /* EWArcSoft_SwiftTests.swift */ = {isa = PBXFileReference; lastKnownFileType = sourcecode.swift; path = EWArcSoft_SwiftTests.swift; sourceTree = "<group>"; };
		79EA258F21CC8922001FE1CB /* Info.plist */ = {isa = PBXFileReference; lastKnownFileType = text.plist.xml; path = Info.plist; sourceTree = "<group>"; };
		79EA259421CC8922001FE1CB /* EWArcSoft-SwiftUITests.xctest */ = {isa = PBXFileReference; explicitFileType = wrapper.cfbundle; includeInIndex = 0; path = "EWArcSoft-SwiftUITests.xctest"; sourceTree = BUILT_PRODUCTS_DIR; };
		79EA259821CC8922001FE1CB /* EWArcSoft_SwiftUITests.swift */ = {isa = PBXFileReference; lastKnownFileType = sourcecode.swift; path = EWArcSoft_SwiftUITests.swift; sourceTree = "<group>"; };
		79EA259A21CC8922001FE1CB /* Info.plist */ = {isa = PBXFileReference; lastKnownFileType = text.plist.xml; path = Info.plist; sourceTree = "<group>"; };
		79EA25BC21CC8A31001FE1CB /* libstdc++.6.0.9.tbd */ = {isa = PBXFileReference; lastKnownFileType = "sourcecode.text-based-dylib-definition"; name = "libstdc++.6.0.9.tbd"; path = "usr/lib/libstdc++.6.0.9.tbd"; sourceTree = SDKROOT; };
		79EA25BE21CC8A40001FE1CB /* CoreMotion.framework */ = {isa = PBXFileReference; lastKnownFileType = wrapper.framework; name = CoreMotion.framework; path = System/Library/Frameworks/CoreMotion.framework; sourceTree = SDKROOT; };
		79EA25C321CC8B1C001FE1CB /* EWArcSoft-Swift-Bridging-Header.h */ = {isa = PBXFileReference; fileEncoding = 4; lastKnownFileType = sourcecode.c.h; path = "EWArcSoft-Swift-Bridging-Header.h"; sourceTree = "<group>"; };
		79EA25C521CC8CAE001FE1CB /* Utility.m */ = {isa = PBXFileReference; fileEncoding = 4; lastKnownFileType = sourcecode.c.objc; path = Utility.m; sourceTree = "<group>"; };
		79EA25C621CC8CAE001FE1CB /* ASFVideoProcessor.h */ = {isa = PBXFileReference; fileEncoding = 4; lastKnownFileType = sourcecode.c.h; path = ASFVideoProcessor.h; sourceTree = "<group>"; };
		79EA25C821CC8CAE001FE1CB /* FSDKFR.xcdatamodel */ = {isa = PBXFileReference; lastKnownFileType = wrapper.xcdatamodel; path = FSDKFR.xcdatamodel; sourceTree = "<group>"; };
		79EA25C921CC8CB2001FE1CB /* ArcSoftFaceEngine.framework */ = {isa = PBXFileReference; lastKnownFileType = wrapper.framework; path = ArcSoftFaceEngine.framework; sourceTree = "<group>"; };
		79EA25CA21CC8CB3001FE1CB /* ASFRPerson.h */ = {isa = PBXFileReference; fileEncoding = 4; lastKnownFileType = sourcecode.c.h; path = ASFRPerson.h; sourceTree = "<group>"; };
		79EA25CB21CC8CB3001FE1CB /* ASFRCDManager.h */ = {isa = PBXFileReference; fileEncoding = 4; lastKnownFileType = sourcecode.c.h; path = ASFRCDManager.h; sourceTree = "<group>"; };
		79EA25CC21CC8CB3001FE1CB /* ASFVideoProcessor.mm */ = {isa = PBXFileReference; fileEncoding = 4; lastKnownFileType = sourcecode.cpp.objcpp; path = ASFVideoProcessor.mm; sourceTree = "<group>"; };
		79EA25CD21CC8CB3001FE1CB /* Utility.h */ = {isa = PBXFileReference; fileEncoding = 4; lastKnownFileType = sourcecode.c.h; path = Utility.h; sourceTree = "<group>"; };
		79EA25CE21CC8CB3001FE1CB /* ASFRManager.h */ = {isa = PBXFileReference; fileEncoding = 4; lastKnownFileType = sourcecode.c.h; path = ASFRManager.h; sourceTree = "<group>"; };
		79EA25CF21CC8CB3001FE1CB /* ASFRManager.m */ = {isa = PBXFileReference; fileEncoding = 4; lastKnownFileType = sourcecode.c.objc; path = ASFRManager.m; sourceTree = "<group>"; };
		79EA25D021CC8CB3001FE1CB /* ASFRPerson.m */ = {isa = PBXFileReference; fileEncoding = 4; lastKnownFileType = sourcecode.c.objc; path = ASFRPerson.m; sourceTree = "<group>"; };
		79EA25D121CC8CB4001FE1CB /* ASFRCDManager.m */ = {isa = PBXFileReference; fileEncoding = 4; lastKnownFileType = sourcecode.c.objc; path = ASFRCDManager.m; sourceTree = "<group>"; };
		79EA25DC21CC95FC001FE1CB /* EWCameraController.swift */ = {isa = PBXFileReference; lastKnownFileType = sourcecode.swift; path = EWCameraController.swift; sourceTree = "<group>"; };
/* End PBXFileReference section */

/* Begin PBXFrameworksBuildPhase section */
		79EA257221CC891F001FE1CB /* Frameworks */ = {
			isa = PBXFrameworksBuildPhase;
			buildActionMask = 2147483647;
			files = (
				79EA25BF21CC8A40001FE1CB /* CoreMotion.framework in Frameworks */,
				79EA25BD21CC8A31001FE1CB /* libstdc++.6.0.9.tbd in Frameworks */,
				79EA25D421CC8CB4001FE1CB /* ArcSoftFaceEngine.framework in Frameworks */,
			);
			runOnlyForDeploymentPostprocessing = 0;
		};
		79EA258621CC8922001FE1CB /* Frameworks */ = {
			isa = PBXFrameworksBuildPhase;
			buildActionMask = 2147483647;
			files = (
			);
			runOnlyForDeploymentPostprocessing = 0;
		};
		79EA259121CC8922001FE1CB /* Frameworks */ = {
			isa = PBXFrameworksBuildPhase;
			buildActionMask = 2147483647;
			files = (
			);
			runOnlyForDeploymentPostprocessing = 0;
		};
/* End PBXFrameworksBuildPhase section */

/* Begin PBXGroup section */
		79EA256C21CC891F001FE1CB = {
			isa = PBXGroup;
			children = (
				79EA257721CC891F001FE1CB /* EWArcSoft-Swift */,
				79EA258C21CC8922001FE1CB /* EWArcSoft-SwiftTests */,
				79EA259721CC8922001FE1CB /* EWArcSoft-SwiftUITests */,
				79EA257621CC891F001FE1CB /* Products */,
				79EA25BB21CC8A31001FE1CB /* Frameworks */,
			);
			sourceTree = "<group>";
		};
		79EA257621CC891F001FE1CB /* Products */ = {
			isa = PBXGroup;
			children = (
				79EA257521CC891F001FE1CB /* EWArcSoft-Swift.app */,
				79EA258921CC8922001FE1CB /* EWArcSoft-SwiftTests.xctest */,
				79EA259421CC8922001FE1CB /* EWArcSoft-SwiftUITests.xctest */,
			);
			name = Products;
			sourceTree = "<group>";
		};
		79EA257721CC891F001FE1CB /* EWArcSoft-Swift */ = {
			isa = PBXGroup;
			children = (
				79EA25D921CC8CBD001FE1CB /* ArcSoftFace */,
				79EA257A21CC891F001FE1CB /* ViewController.swift */,
				79EA25DC21CC95FC001FE1CB /* EWCameraController.swift */,
				79EA25C421CC8B89001FE1CB /* Other */,
			);
			path = "EWArcSoft-Swift";
			sourceTree = "<group>";
		};
		79EA258C21CC8922001FE1CB /* EWArcSoft-SwiftTests */ = {
			isa = PBXGroup;
			children = (
				79EA258D21CC8922001FE1CB /* EWArcSoft_SwiftTests.swift */,
				79EA258F21CC8922001FE1CB /* Info.plist */,
			);
			path = "EWArcSoft-SwiftTests";
			sourceTree = "<group>";
		};
		79EA259721CC8922001FE1CB /* EWArcSoft-SwiftUITests */ = {
			isa = PBXGroup;
			children = (
				79EA259821CC8922001FE1CB /* EWArcSoft_SwiftUITests.swift */,
				79EA259A21CC8922001FE1CB /* Info.plist */,
			);
			path = "EWArcSoft-SwiftUITests";
			sourceTree = "<group>";
		};
		79EA25BB21CC8A31001FE1CB /* Frameworks */ = {
			isa = PBXGroup;
			children = (
				79EA25BE21CC8A40001FE1CB /* CoreMotion.framework */,
				79EA25BC21CC8A31001FE1CB /* libstdc++.6.0.9.tbd */,
			);
			name = Frameworks;
			sourceTree = "<group>";
		};
		79EA25C421CC8B89001FE1CB /* Other */ = {
			isa = PBXGroup;
			children = (
				79EA257F21CC8922001FE1CB /* Assets.xcassets */,
				79EA257821CC891F001FE1CB /* AppDelegate.swift */,
				79EA257C21CC891F001FE1CB /* Main.storyboard */,
				79EA258121CC8922001FE1CB /* LaunchScreen.storyboard */,
				79EA258421CC8922001FE1CB /* Info.plist */,
				79EA25C321CC8B1C001FE1CB /* EWArcSoft-Swift-Bridging-Header.h */,
			);
			name = Other;
			sourceTree = "<group>";
		};
		79EA25D921CC8CBD001FE1CB /* ArcSoftFace */ = {
			isa = PBXGroup;
			children = (
				79EA25C921CC8CB2001FE1CB /* ArcSoftFaceEngine.framework */,
				79EA25CB21CC8CB3001FE1CB /* ASFRCDManager.h */,
				79EA25D121CC8CB4001FE1CB /* ASFRCDManager.m */,
				79EA25CE21CC8CB3001FE1CB /* ASFRManager.h */,
				79EA25CF21CC8CB3001FE1CB /* ASFRManager.m */,
				79EA25CA21CC8CB3001FE1CB /* ASFRPerson.h */,
				79EA25D021CC8CB3001FE1CB /* ASFRPerson.m */,
				79EA25C621CC8CAE001FE1CB /* ASFVideoProcessor.h */,
				79EA25CC21CC8CB3001FE1CB /* ASFVideoProcessor.mm */,
				79EA25C721CC8CAE001FE1CB /* FSDKFR.xcdatamodeld */,
				79EA25CD21CC8CB3001FE1CB /* Utility.h */,
				79EA25C521CC8CAE001FE1CB /* Utility.m */,
			);
			name = ArcSoftFace;
			sourceTree = "<group>";
		};
/* End PBXGroup section */

/* Begin PBXNativeTarget section */
		79EA257421CC891F001FE1CB /* EWArcSoft-Swift */ = {
			isa = PBXNativeTarget;
			buildConfigurationList = 79EA259D21CC8922001FE1CB /* Build configuration list for PBXNativeTarget "EWArcSoft-Swift" */;
			buildPhases = (
				79EA257121CC891F001FE1CB /* Sources */,
				79EA257221CC891F001FE1CB /* Frameworks */,
				79EA257321CC891F001FE1CB /* Resources */,
			);
			buildRules = (
			);
			dependencies = (
			);
			name = "EWArcSoft-Swift";
			productName = "EWArcSoft-Swift";
			productReference = 79EA257521CC891F001FE1CB /* EWArcSoft-Swift.app */;
			productType = "com.apple.product-type.application";
		};
		79EA258821CC8922001FE1CB /* EWArcSoft-SwiftTests */ = {
			isa = PBXNativeTarget;
			buildConfigurationList = 79EA25A021CC8922001FE1CB /* Build configuration list for PBXNativeTarget "EWArcSoft-SwiftTests" */;
			buildPhases = (
				79EA258521CC8922001FE1CB /* Sources */,
				79EA258621CC8922001FE1CB /* Frameworks */,
				79EA258721CC8922001FE1CB /* Resources */,
			);
			buildRules = (
			);
			dependencies = (
				79EA258B21CC8922001FE1CB /* PBXTargetDependency */,
			);
			name = "EWArcSoft-SwiftTests";
			productName = "EWArcSoft-SwiftTests";
			productReference = 79EA258921CC8922001FE1CB /* EWArcSoft-SwiftTests.xctest */;
			productType = "com.apple.product-type.bundle.unit-test";
		};
		79EA259321CC8922001FE1CB /* EWArcSoft-SwiftUITests */ = {
			isa = PBXNativeTarget;
			buildConfigurationList = 79EA25A321CC8922001FE1CB /* Build configuration list for PBXNativeTarget "EWArcSoft-SwiftUITests" */;
			buildPhases = (
				79EA259021CC8922001FE1CB /* Sources */,
				79EA259121CC8922001FE1CB /* Frameworks */,
				79EA259221CC8922001FE1CB /* Resources */,
			);
			buildRules = (
			);
			dependencies = (
				79EA259621CC8922001FE1CB /* PBXTargetDependency */,
			);
			name = "EWArcSoft-SwiftUITests";
			productName = "EWArcSoft-SwiftUITests";
			productReference = 79EA259421CC8922001FE1CB /* EWArcSoft-SwiftUITests.xctest */;
			productType = "com.apple.product-type.bundle.ui-testing";
		};
/* End PBXNativeTarget section */

/* Begin PBXProject section */
		79EA256D21CC891F001FE1CB /* Project object */ = {
			isa = PBXProject;
			attributes = {
				CLASSPREFIX = EW;
				LastSwiftUpdateCheck = 1010;
				LastUpgradeCheck = 1010;
				ORGANIZATIONNAME = Ethan;
				TargetAttributes = {
					79EA257421CC891F001FE1CB = {
						CreatedOnToolsVersion = 10.1;
					};
					79EA258821CC8922001FE1CB = {
						CreatedOnToolsVersion = 10.1;
						TestTargetID = 79EA257421CC891F001FE1CB;
					};
					79EA259321CC8922001FE1CB = {
						CreatedOnToolsVersion = 10.1;
						TestTargetID = 79EA257421CC891F001FE1CB;
					};
				};
			};
			buildConfigurationList = 79EA257021CC891F001FE1CB /* Build configuration list for PBXProject "EWArcSoft-Swift" */;
			compatibilityVersion = "Xcode 9.3";
			developmentRegion = en;
			hasScannedForEncodings = 0;
			knownRegions = (
				en,
				Base,
			);
			mainGroup = 79EA256C21CC891F001FE1CB;
			productRefGroup = 79EA257621CC891F001FE1CB /* Products */;
			projectDirPath = "";
			projectRoot = "";
			targets = (
				79EA257421CC891F001FE1CB /* EWArcSoft-Swift */,
				79EA258821CC8922001FE1CB /* EWArcSoft-SwiftTests */,
				79EA259321CC8922001FE1CB /* EWArcSoft-SwiftUITests */,
			);
		};
/* End PBXProject section */

/* Begin PBXResourcesBuildPhase section */
		79EA257321CC891F001FE1CB /* Resources */ = {
			isa = PBXResourcesBuildPhase;
			buildActionMask = 2147483647;
			files = (
				79EA258321CC8922001FE1CB /* LaunchScreen.storyboard in Resources */,
				79EA258021CC8922001FE1CB /* Assets.xcassets in Resources */,
				79EA257E21CC891F001FE1CB /* Main.storyboard in Resources */,
			);
			runOnlyForDeploymentPostprocessing = 0;
		};
		79EA258721CC8922001FE1CB /* Resources */ = {
			isa = PBXResourcesBuildPhase;
			buildActionMask = 2147483647;
			files = (
			);
			runOnlyForDeploymentPostprocessing = 0;
		};
		79EA259221CC8922001FE1CB /* Resources */ = {
			isa = PBXResourcesBuildPhase;
			buildActionMask = 2147483647;
			files = (
			);
			runOnlyForDeploymentPostprocessing = 0;
		};
/* End PBXResourcesBuildPhase section */

/* Begin PBXSourcesBuildPhase section */
		79EA257121CC891F001FE1CB /* Sources */ = {
			isa = PBXSourcesBuildPhase;
			buildActionMask = 2147483647;
			files = (
				79EA25D821CC8CB4001FE1CB /* ASFRCDManager.m in Sources */,
				79EA25D521CC8CB4001FE1CB /* ASFVideoProcessor.mm in Sources */,
				79EA257B21CC891F001FE1CB /* ViewController.swift in Sources */,
				79EA25D221CC8CB4001FE1CB /* Utility.m in Sources */,
				79EA25D621CC8CB4001FE1CB /* ASFRManager.m in Sources */,
				79EA25DD21CC95FC001FE1CB /* EWCameraController.swift in Sources */,
				79EA257921CC891F001FE1CB /* AppDelegate.swift in Sources */,
				79EA25D321CC8CB4001FE1CB /* FSDKFR.xcdatamodeld in Sources */,
				79EA25D721CC8CB4001FE1CB /* ASFRPerson.m in Sources */,
			);
			runOnlyForDeploymentPostprocessing = 0;
		};
		79EA258521CC8922001FE1CB /* Sources */ = {
			isa = PBXSourcesBuildPhase;
			buildActionMask = 2147483647;
			files = (
				79EA258E21CC8922001FE1CB /* EWArcSoft_SwiftTests.swift in Sources */,
			);
			runOnlyForDeploymentPostprocessing = 0;
		};
		79EA259021CC8922001FE1CB /* Sources */ = {
			isa = PBXSourcesBuildPhase;
			buildActionMask = 2147483647;
			files = (
				79EA259921CC8922001FE1CB /* EWArcSoft_SwiftUITests.swift in Sources */,
			);
			runOnlyForDeploymentPostprocessing = 0;
		};
/* End PBXSourcesBuildPhase section */

/* Begin PBXTargetDependency section */
		79EA258B21CC8922001FE1CB /* PBXTargetDependency */ = {
			isa = PBXTargetDependency;
			target = 79EA257421CC891F001FE1CB /* EWArcSoft-Swift */;
			targetProxy = 79EA258A21CC8922001FE1CB /* PBXContainerItemProxy */;
		};
		79EA259621CC8922001FE1CB /* PBXTargetDependency */ = {
			isa = PBXTargetDependency;
			target = 79EA257421CC891F001FE1CB /* EWArcSoft-Swift */;
			targetProxy = 79EA259521CC8922001FE1CB /* PBXContainerItemProxy */;
		};
/* End PBXTargetDependency section */

/* Begin PBXVariantGroup section */
		79EA257C21CC891F001FE1CB /* Main.storyboard */ = {
			isa = PBXVariantGroup;
			children = (
				79EA257D21CC891F001FE1CB /* Base */,
			);
			name = Main.storyboard;
			sourceTree = "<group>";
		};
		79EA258121CC8922001FE1CB /* LaunchScreen.storyboard */ = {
			isa = PBXVariantGroup;
			children = (
				79EA258221CC8922001FE1CB /* Base */,
			);
			name = LaunchScreen.storyboard;
			sourceTree = "<group>";
		};
/* End PBXVariantGroup section */

/* Begin XCBuildConfiguration section */
		79EA259B21CC8922001FE1CB /* Debug */ = {
			isa = XCBuildConfiguration;
			buildSettings = {
				ALWAYS_SEARCH_USER_PATHS = NO;
				CLANG_ANALYZER_NONNULL = YES;
				CLANG_ANALYZER_NUMBER_OBJECT_CONVERSION = YES_AGGRESSIVE;
				CLANG_CXX_LANGUAGE_STANDARD = "gnu++14";
				CLANG_CXX_LIBRARY = "libc++";
				CLANG_ENABLE_MODULES = YES;
				CLANG_ENABLE_OBJC_ARC = YES;
				CLANG_ENABLE_OBJC_WEAK = YES;
				CLANG_WARN_BLOCK_CAPTURE_AUTORELEASING = YES;
				CLANG_WARN_BOOL_CONVERSION = YES;
				CLANG_WARN_COMMA = YES;
				CLANG_WARN_CONSTANT_CONVERSION = YES;
				CLANG_WARN_DEPRECATED_OBJC_IMPLEMENTATIONS = YES;
				CLANG_WARN_DIRECT_OBJC_ISA_USAGE = YES_ERROR;
				CLANG_WARN_DOCUMENTATION_COMMENTS = YES;
				CLANG_WARN_EMPTY_BODY = YES;
				CLANG_WARN_ENUM_CONVERSION = YES;
				CLANG_WARN_INFINITE_RECURSION = YES;
				CLANG_WARN_INT_CONVERSION = YES;
				CLANG_WARN_NON_LITERAL_NULL_CONVERSION = YES;
				CLANG_WARN_OBJC_IMPLICIT_RETAIN_SELF = YES;
				CLANG_WARN_OBJC_LITERAL_CONVERSION = YES;
				CLANG_WARN_OBJC_ROOT_CLASS = YES_ERROR;
				CLANG_WARN_RANGE_LOOP_ANALYSIS = YES;
				CLANG_WARN_STRICT_PROTOTYPES = YES;
				CLANG_WARN_SUSPICIOUS_MOVE = YES;
				CLANG_WARN_UNGUARDED_AVAILABILITY = YES_AGGRESSIVE;
				CLANG_WARN_UNREACHABLE_CODE = YES;
				CLANG_WARN__DUPLICATE_METHOD_MATCH = YES;
				CODE_SIGN_IDENTITY = "iPhone Developer";
				COPY_PHASE_STRIP = NO;
				DEBUG_INFORMATION_FORMAT = dwarf;
				ENABLE_STRICT_OBJC_MSGSEND = YES;
				ENABLE_TESTABILITY = YES;
				GCC_C_LANGUAGE_STANDARD = gnu11;
				GCC_DYNAMIC_NO_PIC = NO;
				GCC_NO_COMMON_BLOCKS = YES;
				GCC_OPTIMIZATION_LEVEL = 0;
				GCC_PREPROCESSOR_DEFINITIONS = (
					"DEBUG=1",
					"$(inherited)",
				);
				GCC_WARN_64_TO_32_BIT_CONVERSION = YES;
				GCC_WARN_ABOUT_RETURN_TYPE = YES_ERROR;
				GCC_WARN_UNDECLARED_SELECTOR = YES;
				GCC_WARN_UNINITIALIZED_AUTOS = YES_AGGRESSIVE;
				GCC_WARN_UNUSED_FUNCTION = YES;
				GCC_WARN_UNUSED_VARIABLE = YES;
				IPHONEOS_DEPLOYMENT_TARGET = 12.1;
				MTL_ENABLE_DEBUG_INFO = INCLUDE_SOURCE;
				MTL_FAST_MATH = YES;
				ONLY_ACTIVE_ARCH = YES;
				SDKROOT = iphoneos;
				SWIFT_ACTIVE_COMPILATION_CONDITIONS = DEBUG;
				SWIFT_OPTIMIZATION_LEVEL = "-Onone";
			};
			name = Debug;
		};
		79EA259C21CC8922001FE1CB /* Release */ = {
			isa = XCBuildConfiguration;
			buildSettings = {
				ALWAYS_SEARCH_USER_PATHS = NO;
				CLANG_ANALYZER_NONNULL = YES;
				CLANG_ANALYZER_NUMBER_OBJECT_CONVERSION = YES_AGGRESSIVE;
				CLANG_CXX_LANGUAGE_STANDARD = "gnu++14";
				CLANG_CXX_LIBRARY = "libc++";
				CLANG_ENABLE_MODULES = YES;
				CLANG_ENABLE_OBJC_ARC = YES;
				CLANG_ENABLE_OBJC_WEAK = YES;
				CLANG_WARN_BLOCK_CAPTURE_AUTORELEASING = YES;
				CLANG_WARN_BOOL_CONVERSION = YES;
				CLANG_WARN_COMMA = YES;
				CLANG_WARN_CONSTANT_CONVERSION = YES;
				CLANG_WARN_DEPRECATED_OBJC_IMPLEMENTATIONS = YES;
				CLANG_WARN_DIRECT_OBJC_ISA_USAGE = YES_ERROR;
				CLANG_WARN_DOCUMENTATION_COMMENTS = YES;
				CLANG_WARN_EMPTY_BODY = YES;
				CLANG_WARN_ENUM_CONVERSION = YES;
				CLANG_WARN_INFINITE_RECURSION = YES;
				CLANG_WARN_INT_CONVERSION = YES;
				CLANG_WARN_NON_LITERAL_NULL_CONVERSION = YES;
				CLANG_WARN_OBJC_IMPLICIT_RETAIN_SELF = YES;
				CLANG_WARN_OBJC_LITERAL_CONVERSION = YES;
				CLANG_WARN_OBJC_ROOT_CLASS = YES_ERROR;
				CLANG_WARN_RANGE_LOOP_ANALYSIS = YES;
				CLANG_WARN_STRICT_PROTOTYPES = YES;
				CLANG_WARN_SUSPICIOUS_MOVE = YES;
				CLANG_WARN_UNGUARDED_AVAILABILITY = YES_AGGRESSIVE;
				CLANG_WARN_UNREACHABLE_CODE = YES;
				CLANG_WARN__DUPLICATE_METHOD_MATCH = YES;
				CODE_SIGN_IDENTITY = "iPhone Developer";
				COPY_PHASE_STRIP = NO;
				DEBUG_INFORMATION_FORMAT = "dwarf-with-dsym";
				ENABLE_NS_ASSERTIONS = NO;
				ENABLE_STRICT_OBJC_MSGSEND = YES;
				GCC_C_LANGUAGE_STANDARD = gnu11;
				GCC_NO_COMMON_BLOCKS = YES;
				GCC_WARN_64_TO_32_BIT_CONVERSION = YES;
				GCC_WARN_ABOUT_RETURN_TYPE = YES_ERROR;
				GCC_WARN_UNDECLARED_SELECTOR = YES;
				GCC_WARN_UNINITIALIZED_AUTOS = YES_AGGRESSIVE;
				GCC_WARN_UNUSED_FUNCTION = YES;
				GCC_WARN_UNUSED_VARIABLE = YES;
				IPHONEOS_DEPLOYMENT_TARGET = 12.1;
				MTL_ENABLE_DEBUG_INFO = NO;
				MTL_FAST_MATH = YES;
				SDKROOT = iphoneos;
				SWIFT_COMPILATION_MODE = wholemodule;
				SWIFT_OPTIMIZATION_LEVEL = "-O";
				VALIDATE_PRODUCT = YES;
			};
			name = Release;
		};
		79EA259E21CC8922001FE1CB /* Debug */ = {
			isa = XCBuildConfiguration;
			buildSettings = {
				ASSETCATALOG_COMPILER_APPICON_NAME = AppIcon;
				CODE_SIGN_STYLE = Automatic;
				DEVELOPMENT_TEAM = B8V4DCL3BF;
				ENABLE_BITCODE = NO;
				FRAMEWORK_SEARCH_PATHS = (
					"$(inherited)",
					"$(PROJECT_DIR)/EWArcSoft-Swift",
				);
				INFOPLIST_FILE = "EWArcSoft-Swift/Info.plist";
				IPHONEOS_DEPLOYMENT_TARGET = 10.1;
				LD_RUNPATH_SEARCH_PATHS = (
					"$(inherited)",
					"@executable_path/Frameworks",
				);
				PRODUCT_BUNDLE_IDENTIFIER = "com.Ethan.EWArcSoft-Swift";
				PRODUCT_NAME = "$(TARGET_NAME)";
				SWIFT_OBJC_BRIDGING_HEADER = "$(SRCROOT)/$(PROJECT_NAME)/EWArcSoft-Swift-Bridging-Header.h";
				SWIFT_VERSION = 4.2;
				TARGETED_DEVICE_FAMILY = "1,2";
			};
			name = Debug;
		};
		79EA259F21CC8922001FE1CB /* Release */ = {
			isa = XCBuildConfiguration;
			buildSettings = {
				ASSETCATALOG_COMPILER_APPICON_NAME = AppIcon;
				CODE_SIGN_STYLE = Automatic;
				DEVELOPMENT_TEAM = B8V4DCL3BF;
				ENABLE_BITCODE = NO;
				FRAMEWORK_SEARCH_PATHS = (
					"$(inherited)",
					"$(PROJECT_DIR)/EWArcSoft-Swift",
				);
				INFOPLIST_FILE = "EWArcSoft-Swift/Info.plist";
				IPHONEOS_DEPLOYMENT_TARGET = 10.1;
				LD_RUNPATH_SEARCH_PATHS = (
					"$(inherited)",
					"@executable_path/Frameworks",
				);
				PRODUCT_BUNDLE_IDENTIFIER = "com.Ethan.EWArcSoft-Swift";
				PRODUCT_NAME = "$(TARGET_NAME)";
				SWIFT_OBJC_BRIDGING_HEADER = "$(SRCROOT)/$(PROJECT_NAME)/EWArcSoft-Swift-Bridging-Header.h";
				SWIFT_VERSION = 4.2;
				TARGETED_DEVICE_FAMILY = "1,2";
			};
			name = Release;
		};
		79EA25A121CC8922001FE1CB /* Debug */ = {
			isa = XCBuildConfiguration;
			buildSettings = {
				ALWAYS_EMBED_SWIFT_STANDARD_LIBRARIES = YES;
				BUNDLE_LOADER = "$(TEST_HOST)";
				CODE_SIGN_STYLE = Automatic;
				DEVELOPMENT_TEAM = B8V4DCL3BF;
				INFOPLIST_FILE = "EWArcSoft-SwiftTests/Info.plist";
				LD_RUNPATH_SEARCH_PATHS = (
					"$(inherited)",
					"@executable_path/Frameworks",
					"@loader_path/Frameworks",
				);
				PRODUCT_BUNDLE_IDENTIFIER = "com.Ethan.EWArcSoft-SwiftTests";
				PRODUCT_NAME = "$(TARGET_NAME)";
				SWIFT_VERSION = 4.2;
				TARGETED_DEVICE_FAMILY = "1,2";
				TEST_HOST = "$(BUILT_PRODUCTS_DIR)/EWArcSoft-Swift.app/EWArcSoft-Swift";
			};
			name = Debug;
		};
		79EA25A221CC8922001FE1CB /* Release */ = {
			isa = XCBuildConfiguration;
			buildSettings = {
				ALWAYS_EMBED_SWIFT_STANDARD_LIBRARIES = YES;
				BUNDLE_LOADER = "$(TEST_HOST)";
				CODE_SIGN_STYLE = Automatic;
				DEVELOPMENT_TEAM = B8V4DCL3BF;
				INFOPLIST_FILE = "EWArcSoft-SwiftTests/Info.plist";
				LD_RUNPATH_SEARCH_PATHS = (
					"$(inherited)",
					"@executable_path/Frameworks",
					"@loader_path/Frameworks",
				);
				PRODUCT_BUNDLE_IDENTIFIER = "com.Ethan.EWArcSoft-SwiftTests";
				PRODUCT_NAME = "$(TARGET_NAME)";
				SWIFT_VERSION = 4.2;
				TARGETED_DEVICE_FAMILY = "1,2";
				TEST_HOST = "$(BUILT_PRODUCTS_DIR)/EWArcSoft-Swift.app/EWArcSoft-Swift";
			};
			name = Release;
		};
		79EA25A421CC8922001FE1CB /* Debug */ = {
			isa = XCBuildConfiguration;
			buildSettings = {
				ALWAYS_EMBED_SWIFT_STANDARD_LIBRARIES = YES;
				CODE_SIGN_STYLE = Automatic;
				DEVELOPMENT_TEAM = B8V4DCL3BF;
				INFOPLIST_FILE = "EWArcSoft-SwiftUITests/Info.plist";
				LD_RUNPATH_SEARCH_PATHS = (
					"$(inherited)",
					"@executable_path/Frameworks",
					"@loader_path/Frameworks",
				);
				PRODUCT_BUNDLE_IDENTIFIER = "com.Ethan.EWArcSoft-SwiftUITests";
				PRODUCT_NAME = "$(TARGET_NAME)";
				SWIFT_VERSION = 4.2;
				TARGETED_DEVICE_FAMILY = "1,2";
				TEST_TARGET_NAME = "EWArcSoft-Swift";
			};
			name = Debug;
		};
		79EA25A521CC8922001FE1CB /* Release */ = {
			isa = XCBuildConfiguration;
			buildSettings = {
				ALWAYS_EMBED_SWIFT_STANDARD_LIBRARIES = YES;
				CODE_SIGN_STYLE = Automatic;
				DEVELOPMENT_TEAM = B8V4DCL3BF;
				INFOPLIST_FILE = "EWArcSoft-SwiftUITests/Info.plist";
				LD_RUNPATH_SEARCH_PATHS = (
					"$(inherited)",
					"@executable_path/Frameworks",
					"@loader_path/Frameworks",
				);
				PRODUCT_BUNDLE_IDENTIFIER = "com.Ethan.EWArcSoft-SwiftUITests";
				PRODUCT_NAME = "$(TARGET_NAME)";
				SWIFT_VERSION = 4.2;
				TARGETED_DEVICE_FAMILY = "1,2";
				TEST_TARGET_NAME = "EWArcSoft-Swift";
			};
			name = Release;
		};
/* End XCBuildConfiguration section */

/* Begin XCConfigurationList section */
		79EA257021CC891F001FE1CB /* Build configuration list for PBXProject "EWArcSoft-Swift" */ = {
			isa = XCConfigurationList;
			buildConfigurations = (
				79EA259B21CC8922001FE1CB /* Debug */,
				79EA259C21CC8922001FE1CB /* Release */,
			);
			defaultConfigurationIsVisible = 0;
			defaultConfigurationName = Release;
		};
		79EA259D21CC8922001FE1CB /* Build configuration list for PBXNativeTarget "EWArcSoft-Swift" */ = {
			isa = XCConfigurationList;
			buildConfigurations = (
				79EA259E21CC8922001FE1CB /* Debug */,
				79EA259F21CC8922001FE1CB /* Release */,
			);
			defaultConfigurationIsVisible = 0;
			defaultConfigurationName = Release;
		};
		79EA25A021CC8922001FE1CB /* Build configuration list for PBXNativeTarget "EWArcSoft-SwiftTests" */ = {
			isa = XCConfigurationList;
			buildConfigurations = (
				79EA25A121CC8922001FE1CB /* Debug */,
				79EA25A221CC8922001FE1CB /* Release */,
			);
			defaultConfigurationIsVisible = 0;
			defaultConfigurationName = Release;
		};
		79EA25A321CC8922001FE1CB /* Build configuration list for PBXNativeTarget "EWArcSoft-SwiftUITests" */ = {
			isa = XCConfigurationList;
			buildConfigurations = (
				79EA25A421CC8922001FE1CB /* Debug */,
				79EA25A521CC8922001FE1CB /* Release */,
			);
			defaultConfigurationIsVisible = 0;
			defaultConfigurationName = Release;
		};
/* End XCConfigurationList section */

/* Begin XCVersionGroup section */
		79EA25C721CC8CAE001FE1CB /* FSDKFR.xcdatamodeld */ = {
			isa = XCVersionGroup;
			children = (
				79EA25C821CC8CAE001FE1CB /* FSDKFR.xcdatamodel */,
			);
			currentVersion = 79EA25C821CC8CAE001FE1CB /* FSDKFR.xcdatamodel */;
			path = FSDKFR.xcdatamodeld;
			sourceTree = "<group>";
			versionGroupType = wrapper.xcdatamodel;
		};
/* End XCVersionGroup section */
	};
	rootObject = 79EA256D21CC891F001FE1CB /* Project object */;
}
